
Microsoft Visual Studio Solution File, Format Version 12.00
# Visual Studio 15
VisualStudioVersion = 15.0.26730.15
MinimumVisualStudioVersion = 10.0.40219.1
Project("{9A19103F-16F7-4668-BE54-9A1E7A4F7556}") = "Xray", "Xray\Xray.csproj", "{7160C69A-20C6-4D8D-ADCF-E4841A91574F}"
EndProject
Project("{9A19103F-16F7-4668-BE54-9A1E7A4F7556}") = "JFrogHTTPClient", "JFrogHTTPClient\JFrogHTTPClient.csproj", "{F9E820BB-54BC-4EC2-934D-1FFE910A4120}"
EndProject
Project("{FAE04EC0-301F-11D3-BF4B-00C04F79EFBC}") = "JFrogVSPlugin", "JFrogVSPlugin\JFrogVSPlugin.csproj", "{6443B797-2478-4A1D-BECA-28E24C1F1F41}"
	ProjectSection(ProjectDependencies) = postProject
		{F9E820BB-54BC-4EC2-934D-1FFE910A4120} = {F9E820BB-54BC-4EC2-934D-1FFE910A4120}
	EndProjectSection
EndProject
Global
	GlobalSection(SolutionConfigurationPlatforms) = preSolution
		Debug|Any CPU = Debug|Any CPU
		Release|Any CPU = Release|Any CPU
	EndGlobalSection
	GlobalSection(ProjectConfigurationPlatforms) = postSolution
		{7160C69A-20C6-4D8D-ADCF-E4841A91574F}.Debug|Any CPU.ActiveCfg = Debug|Any CPU
		{7160C69A-20C6-4D8D-ADCF-E4841A91574F}.Debug|Any CPU.Build.0 = Debug|Any CPU
		{7160C69A-20C6-4D8D-ADCF-E4841A91574F}.Release|Any CPU.ActiveCfg = Release|Any CPU
		{7160C69A-20C6-4D8D-ADCF-E4841A91574F}.Release|Any CPU.Build.0 = Release|Any CPU
		{F9E820BB-54BC-4EC2-934D-1FFE910A4120}.Debug|Any CPU.ActiveCfg = Debug|Any CPU
		{F9E820BB-54BC-4EC2-934D-1FFE910A4120}.Debug|Any CPU.Build.0 = Debug|Any CPU
		{F9E820BB-54BC-4EC2-934D-1FFE910A4120}.Release|Any CPU.ActiveCfg = Release|Any CPU
		{F9E820BB-54BC-4EC2-934D-1FFE910A4120}.Release|Any CPU.Build.0 = Release|Any CPU
		{6443B797-2478-4A1D-BECA-28E24C1F1F41}.Debug|Any CPU.ActiveCfg = Debug|Any CPU
		{6443B797-2478-4A1D-BECA-28E24C1F1F41}.Debug|Any CPU.Build.0 = Debug|Any CPU
		{6443B797-2478-4A1D-BECA-28E24C1F1F41}.Release|Any CPU.ActiveCfg = Release|Any CPU
		{6443B797-2478-4A1D-BECA-28E24C1F1F41}.Release|Any CPU.Build.0 = Release|Any CPU
	EndGlobalSection
	GlobalSection(SolutionProperties) = preSolution
		HideSolutionNode = FALSE
	EndGlobalSection
	GlobalSection(ExtensibilityGlobals) = postSolution
		SolutionGuid = {5C4582E7-407C-4D35-AFFC-35E7A4CE7E77}
	EndGlobalSection
EndGlobal
